// !$*UTF8*$!
{
	archiveVersion = 1;
	classes = {
	};
	objectVersion = 55;
	objects = {

/* Begin PBXBuildFile section */
		68405F58283A54B50061E1A9 /* SettingsView.swift in Sources */ = {isa = PBXBuildFile; fileRef = 68405F57283A54B50061E1A9 /* SettingsView.swift */; };
		68405F5A283A54E20061E1A9 /* ButtonView.swift in Sources */ = {isa = PBXBuildFile; fileRef = 68405F59283A54E20061E1A9 /* ButtonView.swift */; };
		68405F5C283A552A0061E1A9 /* WheelPicker.swift in Sources */ = {isa = PBXBuildFile; fileRef = 68405F5B283A552A0061E1A9 /* WheelPicker.swift */; };
		68405F5E283A555D0061E1A9 /* CircleProgressBarView.swift in Sources */ = {isa = PBXBuildFile; fileRef = 68405F5D283A555D0061E1A9 /* CircleProgressBarView.swift */; };
		68405F61283A56FA0061E1A9 /* CircleProgressBarViewModel.swift in Sources */ = {isa = PBXBuildFile; fileRef = 68405F60283A56FA0061E1A9 /* CircleProgressBarViewModel.swift */; };
		68405F64283A57560061E1A9 /* ButtonViewModel.swift in Sources */ = {isa = PBXBuildFile; fileRef = 68405F63283A57560061E1A9 /* ButtonViewModel.swift */; };
		68405F67283A5D450061E1A9 /* TimerViewMode.swift in Sources */ = {isa = PBXBuildFile; fileRef = 68405F66283A5D450061E1A9 /* TimerViewMode.swift */; };
		68DDBD6A2832B41A001BDCFA /* Apple_TimerApp.swift in Sources */ = {isa = PBXBuildFile; fileRef = 68DDBD692832B41A001BDCFA /* Apple_TimerApp.swift */; };
		68DDBD6C2832B41A001BDCFA /* TimerView.swift in Sources */ = {isa = PBXBuildFile; fileRef = 68DDBD6B2832B41A001BDCFA /* TimerView.swift */; };
		68DDBD6E2832B41B001BDCFA /* Assets.xcassets in Resources */ = {isa = PBXBuildFile; fileRef = 68DDBD6D2832B41B001BDCFA /* Assets.xcassets */; };
		68DDBD712832B41B001BDCFA /* Preview Assets.xcassets in Resources */ = {isa = PBXBuildFile; fileRef = 68DDBD702832B41B001BDCFA /* Preview Assets.xcassets */; };
/* End PBXBuildFile section */

/* Begin PBXFileReference section */
		68405F57283A54B50061E1A9 /* SettingsView.swift */ = {isa = PBXFileReference; lastKnownFileType = sourcecode.swift; path = SettingsView.swift; sourceTree = "<group>"; };
		68405F59283A54E20061E1A9 /* ButtonView.swift */ = {isa = PBXFileReference; lastKnownFileType = sourcecode.swift; path = ButtonView.swift; sourceTree = "<group>"; };
		68405F5B283A552A0061E1A9 /* WheelPicker.swift */ = {isa = PBXFileReference; lastKnownFileType = sourcecode.swift; path = WheelPicker.swift; sourceTree = "<group>"; };
		68405F5D283A555D0061E1A9 /* CircleProgressBarView.swift */ = {isa = PBXFileReference; lastKnownFileType = sourcecode.swift; path = CircleProgressBarView.swift; sourceTree = "<group>"; };
		68405F60283A56FA0061E1A9 /* CircleProgressBarViewModel.swift */ = {isa = PBXFileReference; lastKnownFileType = sourcecode.swift; path = CircleProgressBarViewModel.swift; sourceTree = "<group>"; };
		68405F63283A57560061E1A9 /* ButtonViewModel.swift */ = {isa = PBXFileReference; lastKnownFileType = sourcecode.swift; path = ButtonViewModel.swift; sourceTree = "<group>"; };
		68405F66283A5D450061E1A9 /* TimerViewMode.swift */ = {isa = PBXFileReference; lastKnownFileType = sourcecode.swift; path = TimerViewMode.swift; sourceTree = "<group>"; };
		68DDBD662832B41A001BDCFA /* Apple Timer.app */ = {isa = PBXFileReference; explicitFileType = wrapper.application; includeInIndex = 0; path = "Apple Timer.app"; sourceTree = BUILT_PRODUCTS_DIR; };
		68DDBD692832B41A001BDCFA /* Apple_TimerApp.swift */ = {isa = PBXFileReference; lastKnownFileType = sourcecode.swift; path = Apple_TimerApp.swift; sourceTree = "<group>"; };
		68DDBD6B2832B41A001BDCFA /* TimerView.swift */ = {isa = PBXFileReference; lastKnownFileType = sourcecode.swift; path = TimerView.swift; sourceTree = "<group>"; };
		68DDBD6D2832B41B001BDCFA /* Assets.xcassets */ = {isa = PBXFileReference; lastKnownFileType = folder.assetcatalog; path = Assets.xcassets; sourceTree = "<group>"; };
		68DDBD702832B41B001BDCFA /* Preview Assets.xcassets */ = {isa = PBXFileReference; lastKnownFileType = folder.assetcatalog; path = "Preview Assets.xcassets"; sourceTree = "<group>"; };
/* End PBXFileReference section */

/* Begin PBXFrameworksBuildPhase section */
		68DDBD632832B419001BDCFA /* Frameworks */ = {
			isa = PBXFrameworksBuildPhase;
			buildActionMask = 2147483647;
			files = (
			);
			runOnlyForDeploymentPostprocessing = 0;
		};
/* End PBXFrameworksBuildPhase section */

/* Begin PBXGroup section */
		68405F5F283A56E30061E1A9 /* CircleProgressBar */ = {
			isa = PBXGroup;
			children = (
				68405F5D283A555D0061E1A9 /* CircleProgressBarView.swift */,
				68405F60283A56FA0061E1A9 /* CircleProgressBarViewModel.swift */,
			);
			path = CircleProgressBar;
			sourceTree = "<group>";
		};
		68405F62283A574A0061E1A9 /* ButtonView */ = {
			isa = PBXGroup;
			children = (
				68405F59283A54E20061E1A9 /* ButtonView.swift */,
				68405F63283A57560061E1A9 /* ButtonViewModel.swift */,
			);
			path = ButtonView;
			sourceTree = "<group>";
		};
		68405F65283A5D2F0061E1A9 /* TimerView */ = {
			isa = PBXGroup;
			children = (
				68DDBD6B2832B41A001BDCFA /* TimerView.swift */,
				68405F66283A5D450061E1A9 /* TimerViewMode.swift */,
			);
			path = TimerView;
			sourceTree = "<group>";
		};
		68DDBD5D2832B419001BDCFA = {
			isa = PBXGroup;
			children = (
				68DDBD682832B41A001BDCFA /* Apple Timer */,
				68DDBD672832B41A001BDCFA /* Products */,
			);
			sourceTree = "<group>";
		};
		68DDBD672832B41A001BDCFA /* Products */ = {
			isa = PBXGroup;
			children = (
				68DDBD662832B41A001BDCFA /* Apple Timer.app */,
			);
			name = Products;
			sourceTree = "<group>";
		};
		68DDBD682832B41A001BDCFA /* Apple Timer */ = {
			isa = PBXGroup;
			children = (
				68DDBD692832B41A001BDCFA /* Apple_TimerApp.swift */,
				68405F65283A5D2F0061E1A9 /* TimerView */,
				68405F5F283A56E30061E1A9 /* CircleProgressBar */,
				68405F62283A574A0061E1A9 /* ButtonView */,
				68405F5B283A552A0061E1A9 /* WheelPicker.swift */,
				68405F57283A54B50061E1A9 /* SettingsView.swift */,
				68DDBD6D2832B41B001BDCFA /* Assets.xcassets */,
				68DDBD6F2832B41B001BDCFA /* Preview Content */,
			);
			path = "Apple Timer";
			sourceTree = "<group>";
		};
		68DDBD6F2832B41B001BDCFA /* Preview Content */ = {
			isa = PBXGroup;
			children = (
				68DDBD702832B41B001BDCFA /* Preview Assets.xcassets */,
			);
			path = "Preview Content";
			sourceTree = "<group>";
		};
/* End PBXGroup section */

/* Begin PBXNativeTarget section */
		68DDBD652832B419001BDCFA /* Apple Timer */ = {
			isa = PBXNativeTarget;
			buildConfigurationList = 68DDBD742832B41B001BDCFA /* Build configuration list for PBXNativeTarget "Apple Timer" */;
			buildPhases = (
				68DDBD622832B419001BDCFA /* Sources */,
				68DDBD632832B419001BDCFA /* Frameworks */,
				68DDBD642832B419001BDCFA /* Resources */,
			);
			buildRules = (
			);
			dependencies = (
			);
			name = "Apple Timer";
			productName = "Apple Timer";
			productReference = 68DDBD662832B41A001BDCFA /* Apple Timer.app */;
			productType = "com.apple.product-type.application";
		};
/* End PBXNativeTarget section */

/* Begin PBXProject section */
		68DDBD5E2832B419001BDCFA /* Project object */ = {
			isa = PBXProject;
			attributes = {
				BuildIndependentTargetsInParallel = 1;
				LastSwiftUpdateCheck = 1320;
				LastUpgradeCheck = 1320;
				TargetAttributes = {
					68DDBD652832B419001BDCFA = {
						CreatedOnToolsVersion = 13.2.1;
					};
				};
			};
			buildConfigurationList = 68DDBD612832B419001BDCFA /* Build configuration list for PBXProject "Apple Timer" */;
			compatibilityVersion = "Xcode 13.0";
			developmentRegion = en;
			hasScannedForEncodings = 0;
			knownRegions = (
				en,
				Base,
			);
			mainGroup = 68DDBD5D2832B419001BDCFA;
			productRefGroup = 68DDBD672832B41A001BDCFA /* Products */;
			projectDirPath = "";
			projectRoot = "";
			targets = (
				68DDBD652832B419001BDCFA /* Apple Timer */,
			);
		};
/* End PBXProject section */

/* Begin PBXResourcesBuildPhase section */
		68DDBD642832B419001BDCFA /* Resources */ = {
			isa = PBXResourcesBuildPhase;
			buildActionMask = 2147483647;
			files = (
				68DDBD712832B41B001BDCFA /* Preview Assets.xcassets in Resources */,
				68DDBD6E2832B41B001BDCFA /* Assets.xcassets in Resources */,
			);
			runOnlyForDeploymentPostprocessing = 0;
		};
/* End PBXResourcesBuildPhase section */

/* Begin PBXSourcesBuildPhase section */
		68DDBD622832B419001BDCFA /* Sources */ = {
			isa = PBXSourcesBuildPhase;
			buildActionMask = 2147483647;
			files = (
				68405F64283A57560061E1A9 /* ButtonViewModel.swift in Sources */,
				68405F5E283A555D0061E1A9 /* CircleProgressBarView.swift in Sources */,
				68405F58283A54B50061E1A9 /* SettingsView.swift in Sources */,
				68405F5C283A552A0061E1A9 /* WheelPicker.swift in Sources */,
				68DDBD6C2832B41A001BDCFA /* TimerView.swift in Sources */,
				68405F5A283A54E20061E1A9 /* ButtonView.swift in Sources */,
				68DDBD6A2832B41A001BDCFA /* Apple_TimerApp.swift in Sources */,
				68405F67283A5D450061E1A9 /* TimerViewMode.swift in Sources */,
				68405F61283A56FA0061E1A9 /* CircleProgressBarViewModel.swift in Sources */,
			);
			runOnlyForDeploymentPostprocessing = 0;
		};
/* End PBXSourcesBuildPhase section */

/* Begin XCBuildConfiguration section */
		68DDBD722832B41B001BDCFA /* Debug */ = {
			isa = XCBuildConfiguration;
			buildSettings = {
				ALWAYS_SEARCH_USER_PATHS = NO;
				CLANG_ANALYZER_NONNULL = YES;
				CLANG_ANALYZER_NUMBER_OBJECT_CONVERSION = YES_AGGRESSIVE;
				CLANG_CXX_LANGUAGE_STANDARD = "gnu++17";
				CLANG_CXX_LIBRARY = "libc++";
				CLANG_ENABLE_MODULES = YES;
				CLANG_ENABLE_OBJC_ARC = YES;
				CLANG_ENABLE_OBJC_WEAK = YES;
				CLANG_WARN_BLOCK_CAPTURE_AUTORELEASING = YES;
				CLANG_WARN_BOOL_CONVERSION = YES;
				CLANG_WARN_COMMA = YES;
				CLANG_WARN_CONSTANT_CONVERSION = YES;
				CLANG_WARN_DEPRECATED_OBJC_IMPLEMENTATIONS = YES;
				CLANG_WARN_DIRECT_OBJC_ISA_USAGE = YES_ERROR;
				CLANG_WARN_DOCUMENTATION_COMMENTS = YES;
				CLANG_WARN_EMPTY_BODY = YES;
				CLANG_WARN_ENUM_CONVERSION = YES;
				CLANG_WARN_INFINITE_RECURSION = YES;
				CLANG_WARN_INT_CONVERSION = YES;
				CLANG_WARN_NON_LITERAL_NULL_CONVERSION = YES;
				CLANG_WARN_OBJC_IMPLICIT_RETAIN_SELF = YES;
				CLANG_WARN_OBJC_LITERAL_CONVERSION = YES;
				CLANG_WARN_OBJC_ROOT_CLASS = YES_ERROR;
				CLANG_WARN_QUOTED_INCLUDE_IN_FRAMEWORK_HEADER = YES;
				CLANG_WARN_RANGE_LOOP_ANALYSIS = YES;
				CLANG_WARN_STRICT_PROTOTYPES = YES;
				CLANG_WARN_SUSPICIOUS_MOVE = YES;
				CLANG_WARN_UNGUARDED_AVAILABILITY = YES_AGGRESSIVE;
				CLANG_WARN_UNREACHABLE_CODE = YES;
				CLANG_WARN__DUPLICATE_METHOD_MATCH = YES;
				COPY_PHASE_STRIP = NO;
				DEBUG_INFORMATION_FORMAT = dwarf;
				ENABLE_STRICT_OBJC_MSGSEND = YES;
				ENABLE_TESTABILITY = YES;
				GCC_C_LANGUAGE_STANDARD = gnu11;
				GCC_DYNAMIC_NO_PIC = NO;
				GCC_NO_COMMON_BLOCKS = YES;
				GCC_OPTIMIZATION_LEVEL = 0;
				GCC_PREPROCESSOR_DEFINITIONS = (
					"DEBUG=1",
					"$(inherited)",
				);
				GCC_WARN_64_TO_32_BIT_CONVERSION = YES;
				GCC_WARN_ABOUT_RETURN_TYPE = YES_ERROR;
				GCC_WARN_UNDECLARED_SELECTOR = YES;
				GCC_WARN_UNINITIALIZED_AUTOS = YES_AGGRESSIVE;
				GCC_WARN_UNUSED_FUNCTION = YES;
				GCC_WARN_UNUSED_VARIABLE = YES;
				IPHONEOS_DEPLOYMENT_TARGET = 15.2;
				MTL_ENABLE_DEBUG_INFO = INCLUDE_SOURCE;
				MTL_FAST_MATH = YES;
				ONLY_ACTIVE_ARCH = YES;
				SDKROOT = iphoneos;
				SWIFT_ACTIVE_COMPILATION_CONDITIONS = DEBUG;
				SWIFT_OPTIMIZATION_LEVEL = "-Onone";
			};
			name = Debug;
		};
		68DDBD732832B41B001BDCFA /* Release */ = {
			isa = XCBuildConfiguration;
			buildSettings = {
				ALWAYS_SEARCH_USER_PATHS = NO;
				CLANG_ANALYZER_NONNULL = YES;
				CLANG_ANALYZER_NUMBER_OBJECT_CONVERSION = YES_AGGRESSIVE;
				CLANG_CXX_LANGUAGE_STANDARD = "gnu++17";
				CLANG_CXX_LIBRARY = "libc++";
				CLANG_ENABLE_MODULES = YES;
				CLANG_ENABLE_OBJC_ARC = YES;
				CLANG_ENABLE_OBJC_WEAK = YES;
				CLANG_WARN_BLOCK_CAPTURE_AUTORELEASING = YES;
				CLANG_WARN_BOOL_CONVERSION = YES;
				CLANG_WARN_COMMA = YES;
				CLANG_WARN_CONSTANT_CONVERSION = YES;
				CLANG_WARN_DEPRECATED_OBJC_IMPLEMENTATIONS = YES;
				CLANG_WARN_DIRECT_OBJC_ISA_USAGE = YES_ERROR;
				CLANG_WARN_DOCUMENTATION_COMMENTS = YES;
				CLANG_WARN_EMPTY_BODY = YES;
				CLANG_WARN_ENUM_CONVERSION = YES;
				CLANG_WARN_INFINITE_RECURSION = YES;
				CLANG_WARN_INT_CONVERSION = YES;
				CLANG_WARN_NON_LITERAL_NULL_CONVERSION = YES;
				CLANG_WARN_OBJC_IMPLICIT_RETAIN_SELF = YES;
				CLANG_WARN_OBJC_LITERAL_CONVERSION = YES;
				CLANG_WARN_OBJC_ROOT_CLASS = YES_ERROR;
				CLANG_WARN_QUOTED_INCLUDE_IN_FRAMEWORK_HEADER = YES;
				CLANG_WARN_RANGE_LOOP_ANALYSIS = YES;
				CLANG_WARN_STRICT_PROTOTYPES = YES;
				CLANG_WARN_SUSPICIOUS_MOVE = YES;
				CLANG_WARN_UNGUARDED_AVAILABILITY = YES_AGGRESSIVE;
				CLANG_WARN_UNREACHABLE_CODE = YES;
				CLANG_WARN__DUPLICATE_METHOD_MATCH = YES;
				COPY_PHASE_STRIP = NO;
				DEBUG_INFORMATION_FORMAT = "dwarf-with-dsym";
				ENABLE_NS_ASSERTIONS = NO;
				ENABLE_STRICT_OBJC_MSGSEND = YES;
				GCC_C_LANGUAGE_STANDARD = gnu11;
				GCC_NO_COMMON_BLOCKS = YES;
				GCC_WARN_64_TO_32_BIT_CONVERSION = YES;
				GCC_WARN_ABOUT_RETURN_TYPE = YES_ERROR;
				GCC_WARN_UNDECLARED_SELECTOR = YES;
				GCC_WARN_UNINITIALIZED_AUTOS = YES_AGGRESSIVE;
				GCC_WARN_UNUSED_FUNCTION = YES;
				GCC_WARN_UNUSED_VARIABLE = YES;
				IPHONEOS_DEPLOYMENT_TARGET = 15.2;
				MTL_ENABLE_DEBUG_INFO = NO;
				MTL_FAST_MATH = YES;
				SDKROOT = iphoneos;
				SWIFT_COMPILATION_MODE = wholemodule;
				SWIFT_OPTIMIZATION_LEVEL = "-O";
				VALIDATE_PRODUCT = YES;
			};
			name = Release;
		};
		68DDBD752832B41B001BDCFA /* Debug */ = {
			isa = XCBuildConfiguration;
			buildSettings = {
				ASSETCATALOG_COMPILER_APPICON_NAME = AppIcon;
				ASSETCATALOG_COMPILER_GLOBAL_ACCENT_COLOR_NAME = AccentColor;
				CODE_SIGN_STYLE = Automatic;
				CURRENT_PROJECT_VERSION = 1;
				DEVELOPMENT_ASSET_PATHS = "\"Apple Timer/Preview Content\"";
				DEVELOPMENT_TEAM = P6HHSVPX4B;
				ENABLE_PREVIEWS = YES;
				GENERATE_INFOPLIST_FILE = YES;
				INFOPLIST_KEY_UIApplicationSceneManifest_Generation = YES;
				INFOPLIST_KEY_UIApplicationSupportsIndirectInputEvents = YES;
				INFOPLIST_KEY_UILaunchScreen_Generation = YES;
				INFOPLIST_KEY_UISupportedInterfaceOrientations_iPad = "UIInterfaceOrientationPortrait UIInterfaceOrientationPortraitUpsideDown UIInterfaceOrientationLandscapeLeft UIInterfaceOrientationLandscapeRight";
				INFOPLIST_KEY_UISupportedInterfaceOrientations_iPhone = "UIInterfaceOrientationPortrait UIInterfaceOrientationLandscapeLeft UIInterfaceOrientationLandscapeRight";
				LD_RUNPATH_SEARCH_PATHS = (
					"$(inherited)",
					"@executable_path/Frameworks",
				);
				MARKETING_VERSION = 1.0;
				PRODUCT_BUNDLE_IDENTIFIER = "arthurbodrov.Apple-Timer";
				PRODUCT_NAME = "$(TARGET_NAME)";
				SWIFT_EMIT_LOC_STRINGS = YES;
				SWIFT_VERSION = 5.0;
				TARGETED_DEVICE_FAMILY = "1,2";
			};
			name = Debug;
		};
		68DDBD762832B41B001BDCFA /* Release */ = {
			isa = XCBuildConfiguration;
			buildSettings = {
				ASSETCATALOG_COMPILER_APPICON_NAME = AppIcon;
				ASSETCATALOG_COMPILER_GLOBAL_ACCENT_COLOR_NAME = AccentColor;
				CODE_SIGN_STYLE = Automatic;
				CURRENT_PROJECT_VERSION = 1;
				DEVELOPMENT_ASSET_PATHS = "\"Apple Timer/Preview Content\"";
				DEVELOPMENT_TEAM = P6HHSVPX4B;
				ENABLE_PREVIEWS = YES;
				GENERATE_INFOPLIST_FILE = YES;
				INFOPLIST_KEY_UIApplicationSceneManifest_Generation = YES;
				INFOPLIST_KEY_UIApplicationSupportsIndirectInputEvents = YES;
				INFOPLIST_KEY_UILaunchScreen_Generation = YES;
				INFOPLIST_KEY_UISupportedInterfaceOrientations_iPad = "UIInterfaceOrientationPortrait UIInterfaceOrientationPortraitUpsideDown UIInterfaceOrientationLandscapeLeft UIInterfaceOrientationLandscapeRight";
				INFOPLIST_KEY_UISupportedInterfaceOrientations_iPhone = "UIInterfaceOrientationPortrait UIInterfaceOrientationLandscapeLeft UIInterfaceOrientationLandscapeRight";
				LD_RUNPATH_SEARCH_PATHS = (
					"$(inherited)",
					"@executable_path/Frameworks",
				);
				MARKETING_VERSION = 1.0;
				PRODUCT_BUNDLE_IDENTIFIER = "arthurbodrov.Apple-Timer";
				PRODUCT_NAME = "$(TARGET_NAME)";
				SWIFT_EMIT_LOC_STRINGS = YES;
				SWIFT_VERSION = 5.0;
				TARGETED_DEVICE_FAMILY = "1,2";
			};
			name = Release;
		};
/* End XCBuildConfiguration section */

/* Begin XCConfigurationList section */
		68DDBD612832B419001BDCFA /* Build configuration list for PBXProject "Apple Timer" */ = {
			isa = XCConfigurationList;
			buildConfigurations = (
				68DDBD722832B41B001BDCFA /* Debug */,
				68DDBD732832B41B001BDCFA /* Release */,
			);
			defaultConfigurationIsVisible = 0;
			defaultConfigurationName = Release;
		};
		68DDBD742832B41B001BDCFA /* Build configuration list for PBXNativeTarget "Apple Timer" */ = {
			isa = XCConfigurationList;
			buildConfigurations = (
				68DDBD752832B41B001BDCFA /* Debug */,
				68DDBD762832B41B001BDCFA /* Release */,
			);
			defaultConfigurationIsVisible = 0;
			defaultConfigurationName = Release;
		};
/* End XCConfigurationList section */
	};
	rootObject = 68DDBD5E2832B419001BDCFA /* Project object */;
}
